
Microsoft Visual Studio Solution File, Format Version 12.00
# Visual Studio Version 17
VisualStudioVersion = 17.14.36518.9 d17.14
MinimumVisualStudioVersion = 10.0.40219.1
Project("{FAE04EC0-301F-11D3-BF4B-00C04F79EFBC}") = "MVCLibrary_Team", "MVCLibrary_Team\MVCLibrary_Team.csproj", "{89E4C967-8254-49AF-AD1F-68971D84FC31}"
EndProject
Global
	GlobalSection(SolutionConfigurationPlatforms) = preSolution
		Debug|Any CPU = Debug|Any CPU
		Release|Any CPU = Release|Any CPU
	EndGlobalSection
	GlobalSection(ProjectConfigurationPlatforms) = postSolution
		{89E4C967-8254-49AF-AD1F-68971D84FC31}.Debug|Any CPU.ActiveCfg = Debug|Any CPU
		{89E4C967-8254-49AF-AD1F-68971D84FC31}.Debug|Any CPU.Build.0 = Debug|Any CPU
		{89E4C967-8254-49AF-AD1F-68971D84FC31}.Release|Any CPU.ActiveCfg = Release|Any CPU
		{89E4C967-8254-49AF-AD1F-68971D84FC31}.Release|Any CPU.Build.0 = Release|Any CPU
	EndGlobalSection
	GlobalSection(SolutionProperties) = preSolution
		HideSolutionNode = FALSE
	EndGlobalSection
	GlobalSection(ExtensibilityGlobals) = postSolution
		SolutionGuid = {32840EEB-A2B9-453C-8421-0B87C27AFB1B}
	EndGlobalSection
EndGlobal
